{
  "originHash" : "4214f6a740a3c0309f28b0ffa3dc93e95ebd5d3409c8863877c768044d75f97d",
  "pins" : [
    {
      "identity" : "aptabase-swift",
      "kind" : "remoteSourceControl",
      "location" : "https://github.com/aptabase/aptabase-swift",
      "state" : {
        "revision" : "cfd67fac2a228d448d9d2ac92ffc71589cc3ef00",
        "version" : "0.3.11"
      }
    },
    {
      "identity" : "purchases-ios-spm",
      "kind" : "remoteSourceControl",
      "location" : "https://github.com/RevenueCat/purchases-ios-spm.git",
      "state" : {
        "revision" : "4b28e6817c746be6bb710f2bcc0a7e8d9f9e3afa",
        "version" : "5.81.1"
      }
    },
    {
      "identity" : "sentry-cocoa",
      "kind" : "remoteSourceControl",
      "location" : "https://github.com/getsentry/sentry-cocoa",
      "state" : {
        "revision" : "67310f115f3fc1e5e1f2e262f9009c64bb387e3f",
        "version" : "9.22.0"
      }
    }
  ],
  "version" : 3
}
